
Microsoft Visual Studio Solution File, Format Version 12.00
# Visual Studio Version 17
VisualStudioVersion = 17.0.31903.59
MinimumVisualStudioVersion = 10.0.40219.1
Project("{FAE04EC0-301F-11D3-BF4B-00C04F79EFBC}") = "FloreExmaneFinalServiceWeb", "FloreExmaneFinalServiceWeb\FloreExmaneFinalServiceWeb.csproj", "{FDC5F31E-A38F-4AF7-B615-67D1F4908088}"
EndProject
Global
	GlobalSection(SolutionConfigurationPlatforms) = preSolution
		Debug|Any CPU = Debug|Any CPU
		Release|Any CPU = Release|Any CPU
	EndGlobalSection
	GlobalSection(SolutionProperties) = preSolution
		HideSolutionNode = FALSE
	EndGlobalSection
	GlobalSection(ProjectConfigurationPlatforms) = postSolution
		{FDC5F31E-A38F-4AF7-B615-67D1F4908088}.Debug|Any CPU.ActiveCfg = Debug|Any CPU
		{FDC5F31E-A38F-4AF7-B615-67D1F4908088}.Debug|Any CPU.Build.0 = Debug|Any CPU
		{FDC5F31E-A38F-4AF7-B615-67D1F4908088}.Release|Any CPU.ActiveCfg = Release|Any CPU
		{FDC5F31E-A38F-4AF7-B615-67D1F4908088}.Release|Any CPU.Build.0 = Release|Any CPU
	EndGlobalSection
EndGlobal
